// !$*UTF8*$!
{
	archiveVersion = 1;
	classes = {
	};
	objectVersion = 50;
	objects = {

/* Begin PBXBuildFile section */
		A52D2F5CB64FAC66E822FEDC /* Pods_SearchDemo.framework in Frameworks */ = {isa = PBXBuildFile; fileRef = 74699FF22482FF0B3DCDEABC /* Pods_SearchDemo.framework */; };
		E300A22321B173D500A74121 /* SDSearchButtonView.swift in Sources */ = {isa = PBXBuildFile; fileRef = E300A22221B173D500A74121 /* SDSearchButtonView.swift */; };
		E300A24A21B23B0C00A74121 /* ConstraintMultiplierTarget.swift in Sources */ = {isa = PBXBuildFile; fileRef = E300A22621B23B0C00A74121 /* ConstraintMultiplierTarget.swift */; };
		E300A24B21B23B0C00A74121 /* LayoutConstraintItem.swift in Sources */ = {isa = PBXBuildFile; fileRef = E300A22721B23B0C00A74121 /* LayoutConstraintItem.swift */; };
		E300A24C21B23B0C00A74121 /* ConstraintDescription.swift in Sources */ = {isa = PBXBuildFile; fileRef = E300A22821B23B0C00A74121 /* ConstraintDescription.swift */; };
		E300A24D21B23B0C00A74121 /* ConstraintMakerPriortizable.swift in Sources */ = {isa = PBXBuildFile; fileRef = E300A22921B23B0C00A74121 /* ConstraintMakerPriortizable.swift */; };
		E300A24E21B23B0C00A74121 /* ConstraintAttributes.swift in Sources */ = {isa = PBXBuildFile; fileRef = E300A22A21B23B0C00A74121 /* ConstraintAttributes.swift */; };
		E300A24F21B23B0C00A74121 /* ConstraintViewDSL.swift in Sources */ = {isa = PBXBuildFile; fileRef = E300A22B21B23B0C00A74121 /* ConstraintViewDSL.swift */; };
		E300A25021B23B0C00A74121 /* ConstraintPriorityTarget.swift in Sources */ = {isa = PBXBuildFile; fileRef = E300A22C21B23B0C00A74121 /* ConstraintPriorityTarget.swift */; };
		E300A25121B23B0C00A74121 /* ConstraintInsets.swift in Sources */ = {isa = PBXBuildFile; fileRef = E300A22D21B23B0C00A74121 /* ConstraintInsets.swift */; };
		E300A25221B23B0C00A74121 /* ConstraintMakerFinalizable.swift in Sources */ = {isa = PBXBuildFile; fileRef = E300A22E21B23B0C00A74121 /* ConstraintMakerFinalizable.swift */; };
		E300A25321B23B0C00A74121 /* ConstraintDSL.swift in Sources */ = {isa = PBXBuildFile; fileRef = E300A22F21B23B0C00A74121 /* ConstraintDSL.swift */; };
		E300A25421B23B0C00A74121 /* ConstraintMakerExtendable.swift in Sources */ = {isa = PBXBuildFile; fileRef = E300A23021B23B0C00A74121 /* ConstraintMakerExtendable.swift */; };
		E300A25521B23B0C00A74121 /* ConstraintPriority.swift in Sources */ = {isa = PBXBuildFile; fileRef = E300A23121B23B0C00A74121 /* ConstraintPriority.swift */; };
		E300A25621B23B0C00A74121 /* ConstraintInsetTarget.swift in Sources */ = {isa = PBXBuildFile; fileRef = E300A23221B23B0C00A74121 /* ConstraintInsetTarget.swift */; };
		E300A25721B23B0C00A74121 /* ConstraintConfig.swift in Sources */ = {isa = PBXBuildFile; fileRef = E300A23421B23B0C00A74121 /* ConstraintConfig.swift */; };
		E300A25821B23B0C00A74121 /* UILayoutSupport+Extensions.swift in Sources */ = {isa = PBXBuildFile; fileRef = E300A23521B23B0C00A74121 /* UILayoutSupport+Extensions.swift */; };
		E300A25921B23B0C00A74121 /* ConstraintView.swift in Sources */ = {isa = PBXBuildFile; fileRef = E300A23621B23B0C00A74121 /* ConstraintView.swift */; };
		E300A25A21B23B0C00A74121 /* ConstraintLayoutGuide.swift in Sources */ = {isa = PBXBuildFile; fileRef = E300A23721B23B0C00A74121 /* ConstraintLayoutGuide.swift */; };
		E300A25B21B23B0C00A74121 /* ConstraintLayoutSupport.swift in Sources */ = {isa = PBXBuildFile; fileRef = E300A23821B23B0C00A74121 /* ConstraintLayoutSupport.swift */; };
		E300A25C21B23B0C00A74121 /* Typealiases.swift in Sources */ = {isa = PBXBuildFile; fileRef = E300A23921B23B0C00A74121 /* Typealiases.swift */; };
		E300A25D21B23B0C00A74121 /* ConstraintConstantTarget.swift in Sources */ = {isa = PBXBuildFile; fileRef = E300A23A21B23B0C00A74121 /* ConstraintConstantTarget.swift */; };
		E300A25E21B23B0C00A74121 /* ConstraintOffsetTarget.swift in Sources */ = {isa = PBXBuildFile; fileRef = E300A23B21B23B0C00A74121 /* ConstraintOffsetTarget.swift */; };
		E300A25F21B23B0C00A74121 /* ConstraintMakerEditable.swift in Sources */ = {isa = PBXBuildFile; fileRef = E300A23C21B23B0C00A74121 /* ConstraintMakerEditable.swift */; };
		E300A26021B23B0C00A74121 /* ConstraintMaker.swift in Sources */ = {isa = PBXBuildFile; fileRef = E300A23D21B23B0C00A74121 /* ConstraintMaker.swift */; };
		E300A26121B23B0C00A74121 /* ConstraintRelation.swift in Sources */ = {isa = PBXBuildFile; fileRef = E300A23E21B23B0C00A74121 /* ConstraintRelation.swift */; };
		E300A26221B23B0C00A74121 /* ConstraintLayoutGuideDSL.swift in Sources */ = {isa = PBXBuildFile; fileRef = E300A23F21B23B0C00A74121 /* ConstraintLayoutGuideDSL.swift */; };
		E300A26321B23B0C00A74121 /* ConstraintView+Extensions.swift in Sources */ = {isa = PBXBuildFile; fileRef = E300A24021B23B0C00A74121 /* ConstraintView+Extensions.swift */; };
		E300A26421B23B0C00A74121 /* ConstraintItem.swift in Sources */ = {isa = PBXBuildFile; fileRef = E300A24121B23B0C00A74121 /* ConstraintItem.swift */; };
		E300A26521B23B0C00A74121 /* Constraint.swift in Sources */ = {isa = PBXBuildFile; fileRef = E300A24221B23B0C00A74121 /* Constraint.swift */; };
		E300A26621B23B0C00A74121 /* Debugging.swift in Sources */ = {isa = PBXBuildFile; fileRef = E300A24321B23B0C00A74121 /* Debugging.swift */; };
		E300A26721B23B0C00A74121 /* ConstraintRelatableTarget.swift in Sources */ = {isa = PBXBuildFile; fileRef = E300A24421B23B0C00A74121 /* ConstraintRelatableTarget.swift */; };
		E300A26921B23B0C00A74121 /* LayoutConstraint.swift in Sources */ = {isa = PBXBuildFile; fileRef = E300A24621B23B0C00A74121 /* LayoutConstraint.swift */; };
		E300A26A21B23B0C00A74121 /* ConstraintLayoutGuide+Extensions.swift in Sources */ = {isa = PBXBuildFile; fileRef = E300A24721B23B0C00A74121 /* ConstraintLayoutGuide+Extensions.swift */; };
		E300A26B21B23B0C00A74121 /* ConstraintLayoutSupportDSL.swift in Sources */ = {isa = PBXBuildFile; fileRef = E300A24821B23B0C00A74121 /* ConstraintLayoutSupportDSL.swift */; };
		E300A26C21B23B0C00A74121 /* ConstraintMakerRelatable.swift in Sources */ = {isa = PBXBuildFile; fileRef = E300A24921B23B0C00A74121 /* ConstraintMakerRelatable.swift */; };
		E300A28521B23FBE00A74121 /* IQTextView.swift in Sources */ = {isa = PBXBuildFile; fileRef = E300A26F21B23FBE00A74121 /* IQTextView.swift */; };
		E300A28621B23FBE00A74121 /* IQPreviousNextView.swift in Sources */ = {isa = PBXBuildFile; fileRef = E300A27121B23FBE00A74121 /* IQPreviousNextView.swift */; };
		E300A28721B23FBE00A74121 /* IQTitleBarButtonItem.swift in Sources */ = {isa = PBXBuildFile; fileRef = E300A27221B23FBE00A74121 /* IQTitleBarButtonItem.swift */; };
		E300A28821B23FBF00A74121 /* IQBarButtonItem.swift in Sources */ = {isa = PBXBuildFile; fileRef = E300A27321B23FBE00A74121 /* IQBarButtonItem.swift */; };
		E300A28921B23FBF00A74121 /* IQToolbar.swift in Sources */ = {isa = PBXBuildFile; fileRef = E300A27421B23FBE00A74121 /* IQToolbar.swift */; };
		E300A28A21B23FBF00A74121 /* IQUIView+IQKeyboardToolbar.swift in Sources */ = {isa = PBXBuildFile; fileRef = E300A27521B23FBE00A74121 /* IQUIView+IQKeyboardToolbar.swift */; };
		E300A28B21B23FBF00A74121 /* IQInvocation.swift in Sources */ = {isa = PBXBuildFile; fileRef = E300A27621B23FBE00A74121 /* IQInvocation.swift */; };
		E300A28C21B23FBF00A74121 /* IQKeyboardManagerConstantsInternal.swift in Sources */ = {isa = PBXBuildFile; fileRef = E300A27821B23FBE00A74121 /* IQKeyboardManagerConstantsInternal.swift */; };
		E300A28D21B23FBF00A74121 /* IQKeyboardManagerConstants.swift in Sources */ = {isa = PBXBuildFile; fileRef = E300A27921B23FBE00A74121 /* IQKeyboardManagerConstants.swift */; };
		E300A28E21B23FBF00A74121 /* IQKeyboardManager.bundle in Resources */ = {isa = PBXBuildFile; fileRef = E300A27B21B23FBE00A74121 /* IQKeyboardManager.bundle */; };
		E300A28F21B23FBF00A74121 /* IQKeyboardReturnKeyHandler.swift in Sources */ = {isa = PBXBuildFile; fileRef = E300A27C21B23FBE00A74121 /* IQKeyboardReturnKeyHandler.swift */; };
		E300A29021B23FBF00A74121 /* IQKeyboardManager.swift in Sources */ = {isa = PBXBuildFile; fileRef = E300A27D21B23FBE00A74121 /* IQKeyboardManager.swift */; };
		E300A29121B23FBF00A74121 /* IQUIScrollView+Additions.swift in Sources */ = {isa = PBXBuildFile; fileRef = E300A28021B23FBE00A74121 /* IQUIScrollView+Additions.swift */; };
		E300A29221B23FBF00A74121 /* IQUIViewController+Additions.swift in Sources */ = {isa = PBXBuildFile; fileRef = E300A28121B23FBE00A74121 /* IQUIViewController+Additions.swift */; };
		E300A29321B23FBF00A74121 /* IQUITextFieldView+Additions.swift in Sources */ = {isa = PBXBuildFile; fileRef = E300A28221B23FBE00A74121 /* IQUITextFieldView+Additions.swift */; };
		E300A29421B23FBF00A74121 /* IQUIView+Hierarchy.swift in Sources */ = {isa = PBXBuildFile; fileRef = E300A28321B23FBE00A74121 /* IQUIView+Hierarchy.swift */; };
		E300A29521B23FBF00A74121 /* IQNSArray+Sort.swift in Sources */ = {isa = PBXBuildFile; fileRef = E300A28421B23FBE00A74121 /* IQNSArray+Sort.swift */; };
		E300A29721B253F600A74121 /* SpriteKit.framework in Frameworks */ = {isa = PBXBuildFile; fileRef = E300A29621B253F600A74121 /* SpriteKit.framework */; };
		E300A29921B2541700A74121 /* HistoryNodeItem.swift in Sources */ = {isa = PBXBuildFile; fileRef = E300A29821B2541700A74121 /* HistoryNodeItem.swift */; };
		E3C3442521AFAE2E000FC71C /* AppDelegate.swift in Sources */ = {isa = PBXBuildFile; fileRef = E3C3442421AFAE2E000FC71C /* AppDelegate.swift */; };
		E3C3442721AFAE2E000FC71C /* ViewController.swift in Sources */ = {isa = PBXBuildFile; fileRef = E3C3442621AFAE2E000FC71C /* ViewController.swift */; };
		E3C3442A21AFAE2E000FC71C /* Main.storyboard in Resources */ = {isa = PBXBuildFile; fileRef = E3C3442821AFAE2E000FC71C /* Main.storyboard */; };
		E3C3442C21AFAE30000FC71C /* Assets.xcassets in Resources */ = {isa = PBXBuildFile; fileRef = E3C3442B21AFAE30000FC71C /* Assets.xcassets */; };
		E3C3442F21AFAE30000FC71C /* LaunchScreen.storyboard in Resources */ = {isa = PBXBuildFile; fileRef = E3C3442D21AFAE30000FC71C /* LaunchScreen.storyboard */; };
		E3C3443A21AFAE30000FC71C /* SearchDemoTests.swift in Sources */ = {isa = PBXBuildFile; fileRef = E3C3443921AFAE30000FC71C /* SearchDemoTests.swift */; };
		E3C3444621AFAE56000FC71C /* NetworkManager.swift in Sources */ = {isa = PBXBuildFile; fileRef = E3C3444521AFAE56000FC71C /* NetworkManager.swift */; };
		E3C3449821AFBD19000FC71C /* MotherResult.swift in Sources */ = {isa = PBXBuildFile; fileRef = E3C3449721AFBD19000FC71C /* MotherResult.swift */; };
		E3C3449A21AFBE71000FC71C /* SearchPhotoResult.swift in Sources */ = {isa = PBXBuildFile; fileRef = E3C3449921AFBE71000FC71C /* SearchPhotoResult.swift */; };
		E3D0937621B11BD20007D7FA /* SDGradientView.swift in Sources */ = {isa = PBXBuildFile; fileRef = E3D0937521B11BD20007D7FA /* SDGradientView.swift */; };
/* End PBXBuildFile section */

/* Begin PBXContainerItemProxy section */
		E3C3443621AFAE30000FC71C /* PBXContainerItemProxy */ = {
			isa = PBXContainerItemProxy;
			containerPortal = E3C3441921AFAE2E000FC71C /* Project object */;
			proxyType = 1;
			remoteGlobalIDString = E3C3442021AFAE2E000FC71C;
			remoteInfo = SearchDemo;
		};
/* End PBXContainerItemProxy section */

/* Begin PBXCopyFilesBuildPhase section */
		E3D0936D21AFCA8B0007D7FA /* Embed Frameworks */ = {
			isa = PBXCopyFilesBuildPhase;
			buildActionMask = 2147483647;
			dstPath = "";
			dstSubfolderSpec = 10;
			files = (
			);
			name = "Embed Frameworks";
			runOnlyForDeploymentPostprocessing = 0;
		};
/* End PBXCopyFilesBuildPhase section */

/* Begin PBXFileReference section */
		74699FF22482FF0B3DCDEABC /* Pods_SearchDemo.framework */ = {isa = PBXFileReference; explicitFileType = wrapper.framework; includeInIndex = 0; path = Pods_SearchDemo.framework; sourceTree = BUILT_PRODUCTS_DIR; };
		78343412C11F207F475D87EC /* Pods-SearchDemo.release.xcconfig */ = {isa = PBXFileReference; includeInIndex = 1; lastKnownFileType = text.xcconfig; name = "Pods-SearchDemo.release.xcconfig"; path = "Target Support Files/Pods-SearchDemo/Pods-SearchDemo.release.xcconfig"; sourceTree = "<group>"; };
		7F4738B8C88AA8F867E78CEB /* Pods-SearchDemo.debug.xcconfig */ = {isa = PBXFileReference; includeInIndex = 1; lastKnownFileType = text.xcconfig; name = "Pods-SearchDemo.debug.xcconfig"; path = "Target Support Files/Pods-SearchDemo/Pods-SearchDemo.debug.xcconfig"; sourceTree = "<group>"; };
		E300A22221B173D500A74121 /* SDSearchButtonView.swift */ = {isa = PBXFileReference; lastKnownFileType = sourcecode.swift; path = SDSearchButtonView.swift; sourceTree = "<group>"; };
		E300A22621B23B0C00A74121 /* ConstraintMultiplierTarget.swift */ = {isa = PBXFileReference; fileEncoding = 4; lastKnownFileType = sourcecode.swift; path = ConstraintMultiplierTarget.swift; sourceTree = "<group>"; };
		E300A22721B23B0C00A74121 /* LayoutConstraintItem.swift */ = {isa = PBXFileReference; fileEncoding = 4; lastKnownFileType = sourcecode.swift; path = LayoutConstraintItem.swift; sourceTree = "<group>"; };
		E300A22821B23B0C00A74121 /* ConstraintDescription.swift */ = {isa = PBXFileReference; fileEncoding = 4; lastKnownFileType = sourcecode.swift; path = ConstraintDescription.swift; sourceTree = "<group>"; };
		E300A22921B23B0C00A74121 /* ConstraintMakerPriortizable.swift */ = {isa = PBXFileReference; fileEncoding = 4; lastKnownFileType = sourcecode.swift; path = ConstraintMakerPriortizable.swift; sourceTree = "<group>"; };
		E300A22A21B23B0C00A74121 /* ConstraintAttributes.swift */ = {isa = PBXFileReference; fileEncoding = 4; lastKnownFileType = sourcecode.swift; path = ConstraintAttributes.swift; sourceTree = "<group>"; };
		E300A22B21B23B0C00A74121 /* ConstraintViewDSL.swift */ = {isa = PBXFileReference; fileEncoding = 4; lastKnownFileType = sourcecode.swift; path = ConstraintViewDSL.swift; sourceTree = "<group>"; };
		E300A22C21B23B0C00A74121 /* ConstraintPriorityTarget.swift */ = {isa = PBXFileReference; fileEncoding = 4; lastKnownFileType = sourcecode.swift; path = ConstraintPriorityTarget.swift; sourceTree = "<group>"; };
		E300A22D21B23B0C00A74121 /* ConstraintInsets.swift */ = {isa = PBXFileReference; fileEncoding = 4; lastKnownFileType = sourcecode.swift; path = ConstraintInsets.swift; sourceTree = "<group>"; };
		E300A22E21B23B0C00A74121 /* ConstraintMakerFinalizable.swift */ = {isa = PBXFileReference; fileEncoding = 4; lastKnownFileType = sourcecode.swift; path = ConstraintMakerFinalizable.swift; sourceTree = "<group>"; };
		E300A22F21B23B0C00A74121 /* ConstraintDSL.swift */ = {isa = PBXFileReference; fileEncoding = 4; lastKnownFileType = sourcecode.swift; path = ConstraintDSL.swift; sourceTree = "<group>"; };
		E300A23021B23B0C00A74121 /* ConstraintMakerExtendable.swift */ = {isa = PBXFileReference; fileEncoding = 4; lastKnownFileType = sourcecode.swift; path = ConstraintMakerExtendable.swift; sourceTree = "<group>"; };
		E300A23121B23B0C00A74121 /* ConstraintPriority.swift */ = {isa = PBXFileReference; fileEncoding = 4; lastKnownFileType = sourcecode.swift; path = ConstraintPriority.swift; sourceTree = "<group>"; };
		E300A23221B23B0C00A74121 /* ConstraintInsetTarget.swift */ = {isa = PBXFileReference; fileEncoding = 4; lastKnownFileType = sourcecode.swift; path = ConstraintInsetTarget.swift; sourceTree = "<group>"; };
		E300A23321B23B0C00A74121 /* SnapKit.h */ = {isa = PBXFileReference; fileEncoding = 4; lastKnownFileType = sourcecode.c.h; path = SnapKit.h; sourceTree = "<group>"; };
		E300A23421B23B0C00A74121 /* ConstraintConfig.swift */ = {isa = PBXFileReference; fileEncoding = 4; lastKnownFileType = sourcecode.swift; path = ConstraintConfig.swift; sourceTree = "<group>"; };
		E300A23521B23B0C00A74121 /* UILayoutSupport+Extensions.swift */ = {isa = PBXFileReference; fileEncoding = 4; lastKnownFileType = sourcecode.swift; path = "UILayoutSupport+Extensions.swift"; sourceTree = "<group>"; };
		E300A23621B23B0C00A74121 /* ConstraintView.swift */ = {isa = PBXFileReference; fileEncoding = 4; lastKnownFileType = sourcecode.swift; path = ConstraintView.swift; sourceTree = "<group>"; };
		E300A23721B23B0C00A74121 /* ConstraintLayoutGuide.swift */ = {isa = PBXFileReference; fileEncoding = 4; lastKnownFileType = sourcecode.swift; path = ConstraintLayoutGuide.swift; sourceTree = "<group>"; };
		E300A23821B23B0C00A74121 /* ConstraintLayoutSupport.swift */ = {isa = PBXFileReference; fileEncoding = 4; lastKnownFileType = sourcecode.swift; path = ConstraintLayoutSupport.swift; sourceTree = "<group>"; };
		E300A23921B23B0C00A74121 /* Typealiases.swift */ = {isa = PBXFileReference; fileEncoding = 4; lastKnownFileType = sourcecode.swift; path = Typealiases.swift; sourceTree = "<group>"; };
		E300A23A21B23B0C00A74121 /* ConstraintConstantTarget.swift */ = {isa = PBXFileReference; fileEncoding = 4; lastKnownFileType = sourcecode.swift; path = ConstraintConstantTarget.swift; sourceTree = "<group>"; };
		E300A23B21B23B0C00A74121 /* ConstraintOffsetTarget.swift */ = {isa = PBXFileReference; fileEncoding = 4; lastKnownFileType = sourcecode.swift; path = ConstraintOffsetTarget.swift; sourceTree = "<group>"; };
		E300A23C21B23B0C00A74121 /* ConstraintMakerEditable.swift */ = {isa = PBXFileReference; fileEncoding = 4; lastKnownFileType = sourcecode.swift; path = ConstraintMakerEditable.swift; sourceTree = "<group>"; };
		E300A23D21B23B0C00A74121 /* ConstraintMaker.swift */ = {isa = PBXFileReference; fileEncoding = 4; lastKnownFileType = sourcecode.swift; path = ConstraintMaker.swift; sourceTree = "<group>"; };
		E300A23E21B23B0C00A74121 /* ConstraintRelation.swift */ = {isa = PBXFileReference; fileEncoding = 4; lastKnownFileType = sourcecode.swift; path = ConstraintRelation.swift; sourceTree = "<group>"; };
		E300A23F21B23B0C00A74121 /* ConstraintLayoutGuideDSL.swift */ = {isa = PBXFileReference; fileEncoding = 4; lastKnownFileType = sourcecode.swift; path = ConstraintLayoutGuideDSL.swift; sourceTree = "<group>"; };
		E300A24021B23B0C00A74121 /* ConstraintView+Extensions.swift */ = {isa = PBXFileReference; fileEncoding = 4; lastKnownFileType = sourcecode.swift; path = "ConstraintView+Extensions.swift"; sourceTree = "<group>"; };
		E300A24121B23B0C00A74121 /* ConstraintItem.swift */ = {isa = PBXFileReference; fileEncoding = 4; lastKnownFileType = sourcecode.swift; path = ConstraintItem.swift; sourceTree = "<group>"; };
		E300A24221B23B0C00A74121 /* Constraint.swift */ = {isa = PBXFileReference; fileEncoding = 4; lastKnownFileType = sourcecode.swift; path = Constraint.swift; sourceTree = "<group>"; };
		E300A24321B23B0C00A74121 /* Debugging.swift */ = {isa = PBXFileReference; fileEncoding = 4; lastKnownFileType = sourcecode.swift; path = Debugging.swift; sourceTree = "<group>"; };
		E300A24421B23B0C00A74121 /* ConstraintRelatableTarget.swift */ = {isa = PBXFileReference; fileEncoding = 4; lastKnownFileType = sourcecode.swift; path = ConstraintRelatableTarget.swift; sourceTree = "<group>"; };
		E300A24621B23B0C00A74121 /* LayoutConstraint.swift */ = {isa = PBXFileReference; fileEncoding = 4; lastKnownFileType = sourcecode.swift; path = LayoutConstraint.swift; sourceTree = "<group>"; };
		E300A24721B23B0C00A74121 /* ConstraintLayoutGuide+Extensions.swift */ = {isa = PBXFileReference; fileEncoding = 4; lastKnownFileType = sourcecode.swift; path = "ConstraintLayoutGuide+Extensions.swift"; sourceTree = "<group>"; };
		E300A24821B23B0C00A74121 /* ConstraintLayoutSupportDSL.swift */ = {isa = PBXFileReference; fileEncoding = 4; lastKnownFileType = sourcecode.swift; path = ConstraintLayoutSupportDSL.swift; sourceTree = "<group>"; };
		E300A24921B23B0C00A74121 /* ConstraintMakerRelatable.swift */ = {isa = PBXFileReference; fileEncoding = 4; lastKnownFileType = sourcecode.swift; path = ConstraintMakerRelatable.swift; sourceTree = "<group>"; };
		E300A26F21B23FBE00A74121 /* IQTextView.swift */ = {isa = PBXFileReference; fileEncoding = 4; lastKnownFileType = sourcecode.swift; path = IQTextView.swift; sourceTree = "<group>"; };
		E300A27121B23FBE00A74121 /* IQPreviousNextView.swift */ = {isa = PBXFileReference; fileEncoding = 4; lastKnownFileType = sourcecode.swift; path = IQPreviousNextView.swift; sourceTree = "<group>"; };
		E300A27221B23FBE00A74121 /* IQTitleBarButtonItem.swift */ = {isa = PBXFileReference; fileEncoding = 4; lastKnownFileType = sourcecode.swift; path = IQTitleBarButtonItem.swift; sourceTree = "<group>"; };
		E300A27321B23FBE00A74121 /* IQBarButtonItem.swift */ = {isa = PBXFileReference; fileEncoding = 4; lastKnownFileType = sourcecode.swift; path = IQBarButtonItem.swift; sourceTree = "<group>"; };
		E300A27421B23FBE00A74121 /* IQToolbar.swift */ = {isa = PBXFileReference; fileEncoding = 4; lastKnownFileType = sourcecode.swift; path = IQToolbar.swift; sourceTree = "<group>"; };
		E300A27521B23FBE00A74121 /* IQUIView+IQKeyboardToolbar.swift */ = {isa = PBXFileReference; fileEncoding = 4; lastKnownFileType = sourcecode.swift; path = "IQUIView+IQKeyboardToolbar.swift"; sourceTree = "<group>"; };
		E300A27621B23FBE00A74121 /* IQInvocation.swift */ = {isa = PBXFileReference; fileEncoding = 4; lastKnownFileType = sourcecode.swift; path = IQInvocation.swift; sourceTree = "<group>"; };
		E300A27821B23FBE00A74121 /* IQKeyboardManagerConstantsInternal.swift */ = {isa = PBXFileReference; fileEncoding = 4; lastKnownFileType = sourcecode.swift; path = IQKeyboardManagerConstantsInternal.swift; sourceTree = "<group>"; };
		E300A27921B23FBE00A74121 /* IQKeyboardManagerConstants.swift */ = {isa = PBXFileReference; fileEncoding = 4; lastKnownFileType = sourcecode.swift; path = IQKeyboardManagerConstants.swift; sourceTree = "<group>"; };
		E300A27B21B23FBE00A74121 /* IQKeyboardManager.bundle */ = {isa = PBXFileReference; lastKnownFileType = "wrapper.plug-in"; path = IQKeyboardManager.bundle; sourceTree = "<group>"; };
		E300A27C21B23FBE00A74121 /* IQKeyboardReturnKeyHandler.swift */ = {isa = PBXFileReference; fileEncoding = 4; lastKnownFileType = sourcecode.swift; path = IQKeyboardReturnKeyHandler.swift; sourceTree = "<group>"; };
		E300A27D21B23FBE00A74121 /* IQKeyboardManager.swift */ = {isa = PBXFileReference; fileEncoding = 4; lastKnownFileType = sourcecode.swift; path = IQKeyboardManager.swift; sourceTree = "<group>"; };
		E300A27E21B23FBE00A74121 /* IQKeyboardManagerSwift.h */ = {isa = PBXFileReference; fileEncoding = 4; lastKnownFileType = sourcecode.c.h; path = IQKeyboardManagerSwift.h; sourceTree = "<group>"; };
		E300A28021B23FBE00A74121 /* IQUIScrollView+Additions.swift */ = {isa = PBXFileReference; fileEncoding = 4; lastKnownFileType = sourcecode.swift; path = "IQUIScrollView+Additions.swift"; sourceTree = "<group>"; };
		E300A28121B23FBE00A74121 /* IQUIViewController+Additions.swift */ = {isa = PBXFileReference; fileEncoding = 4; lastKnownFileType = sourcecode.swift; path = "IQUIViewController+Additions.swift"; sourceTree = "<group>"; };
		E300A28221B23FBE00A74121 /* IQUITextFieldView+Additions.swift */ = {isa = PBXFileReference; fileEncoding = 4; lastKnownFileType = sourcecode.swift; path = "IQUITextFieldView+Additions.swift"; sourceTree = "<group>"; };
		E300A28321B23FBE00A74121 /* IQUIView+Hierarchy.swift */ = {isa = PBXFileReference; fileEncoding = 4; lastKnownFileType = sourcecode.swift; path = "IQUIView+Hierarchy.swift"; sourceTree = "<group>"; };
		E300A28421B23FBE00A74121 /* IQNSArray+Sort.swift */ = {isa = PBXFileReference; fileEncoding = 4; lastKnownFileType = sourcecode.swift; path = "IQNSArray+Sort.swift"; sourceTree = "<group>"; };
		E300A29621B253F600A74121 /* SpriteKit.framework */ = {isa = PBXFileReference; lastKnownFileType = wrapper.framework; name = SpriteKit.framework; path = System/Library/Frameworks/SpriteKit.framework; sourceTree = SDKROOT; };
		E300A29821B2541700A74121 /* HistoryNodeItem.swift */ = {isa = PBXFileReference; lastKnownFileType = sourcecode.swift; path = HistoryNodeItem.swift; sourceTree = "<group>"; };
		E3C3442121AFAE2E000FC71C /* SearchDemo.app */ = {isa = PBXFileReference; explicitFileType = wrapper.application; includeInIndex = 0; path = SearchDemo.app; sourceTree = BUILT_PRODUCTS_DIR; };
		E3C3442421AFAE2E000FC71C /* AppDelegate.swift */ = {isa = PBXFileReference; lastKnownFileType = sourcecode.swift; path = AppDelegate.swift; sourceTree = "<group>"; };
		E3C3442621AFAE2E000FC71C /* ViewController.swift */ = {isa = PBXFileReference; lastKnownFileType = sourcecode.swift; path = ViewController.swift; sourceTree = "<group>"; };
		E3C3442921AFAE2E000FC71C /* Base */ = {isa = PBXFileReference; lastKnownFileType = file.storyboard; name = Base; path = Base.lproj/Main.storyboard; sourceTree = "<group>"; };
		E3C3442B21AFAE30000FC71C /* Assets.xcassets */ = {isa = PBXFileReference; lastKnownFileType = folder.assetcatalog; path = Assets.xcassets; sourceTree = "<group>"; };
		E3C3442E21AFAE30000FC71C /* Base */ = {isa = PBXFileReference; lastKnownFileType = file.storyboard; name = Base; path = Base.lproj/LaunchScreen.storyboard; sourceTree = "<group>"; };
		E3C3443021AFAE30000FC71C /* Info.plist */ = {isa = PBXFileReference; lastKnownFileType = text.plist.xml; path = Info.plist; sourceTree = "<group>"; };
		E3C3443521AFAE30000FC71C /* SearchDemoTests.xctest */ = {isa = PBXFileReference; explicitFileType = wrapper.cfbundle; includeInIndex = 0; path = SearchDemoTests.xctest; sourceTree = BUILT_PRODUCTS_DIR; };
		E3C3443921AFAE30000FC71C /* SearchDemoTests.swift */ = {isa = PBXFileReference; lastKnownFileType = sourcecode.swift; path = SearchDemoTests.swift; sourceTree = "<group>"; };
		E3C3443B21AFAE30000FC71C /* Info.plist */ = {isa = PBXFileReference; lastKnownFileType = text.plist.xml; path = Info.plist; sourceTree = "<group>"; };
		E3C3444521AFAE56000FC71C /* NetworkManager.swift */ = {isa = PBXFileReference; lastKnownFileType = sourcecode.swift; path = NetworkManager.swift; sourceTree = "<group>"; };
		E3C3449721AFBD19000FC71C /* MotherResult.swift */ = {isa = PBXFileReference; lastKnownFileType = sourcecode.swift; path = MotherResult.swift; sourceTree = "<group>"; };
		E3C3449921AFBE71000FC71C /* SearchPhotoResult.swift */ = {isa = PBXFileReference; lastKnownFileType = sourcecode.swift; path = SearchPhotoResult.swift; sourceTree = "<group>"; };
		E3D0937521B11BD20007D7FA /* SDGradientView.swift */ = {isa = PBXFileReference; lastKnownFileType = sourcecode.swift; path = SDGradientView.swift; sourceTree = "<group>"; };
/* End PBXFileReference section */

/* Begin PBXFrameworksBuildPhase section */
		E3C3441E21AFAE2E000FC71C /* Frameworks */ = {
			isa = PBXFrameworksBuildPhase;
			buildActionMask = 2147483647;
			files = (
				E300A29721B253F600A74121 /* SpriteKit.framework in Frameworks */,
				A52D2F5CB64FAC66E822FEDC /* Pods_SearchDemo.framework in Frameworks */,
			);
			runOnlyForDeploymentPostprocessing = 0;
		};
		E3C3443221AFAE30000FC71C /* Frameworks */ = {
			isa = PBXFrameworksBuildPhase;
			buildActionMask = 2147483647;
			files = (
			);
			runOnlyForDeploymentPostprocessing = 0;
		};
/* End PBXFrameworksBuildPhase section */

/* Begin PBXGroup section */
		C1B556A44DE6207955BB8B35 /* Frameworks */ = {
			isa = PBXGroup;
			children = (
				E300A29621B253F600A74121 /* SpriteKit.framework */,
				74699FF22482FF0B3DCDEABC /* Pods_SearchDemo.framework */,
			);
			name = Frameworks;
			sourceTree = "<group>";
		};
		C9CE570A84831BE51F8AA6EC /* Pods */ = {
			isa = PBXGroup;
			children = (
				7F4738B8C88AA8F867E78CEB /* Pods-SearchDemo.debug.xcconfig */,
				78343412C11F207F475D87EC /* Pods-SearchDemo.release.xcconfig */,
			);
			path = Pods;
			sourceTree = "<group>";
		};
		E300A22421B23AFA00A74121 /* Utility */ = {
			isa = PBXGroup;
			children = (
				E300A26D21B23FBE00A74121 /* IQKeyboardManagerSwift */,
				E300A22521B23B0C00A74121 /* SnapKit */,
			);
			path = Utility;
			sourceTree = "<group>";
		};
		E300A22521B23B0C00A74121 /* SnapKit */ = {
			isa = PBXGroup;
			children = (
				E300A22621B23B0C00A74121 /* ConstraintMultiplierTarget.swift */,
				E300A22721B23B0C00A74121 /* LayoutConstraintItem.swift */,
				E300A22821B23B0C00A74121 /* ConstraintDescription.swift */,
				E300A22921B23B0C00A74121 /* ConstraintMakerPriortizable.swift */,
				E300A22A21B23B0C00A74121 /* ConstraintAttributes.swift */,
				E300A22B21B23B0C00A74121 /* ConstraintViewDSL.swift */,
				E300A22C21B23B0C00A74121 /* ConstraintPriorityTarget.swift */,
				E300A22D21B23B0C00A74121 /* ConstraintInsets.swift */,
				E300A22E21B23B0C00A74121 /* ConstraintMakerFinalizable.swift */,
				E300A22F21B23B0C00A74121 /* ConstraintDSL.swift */,
				E300A23021B23B0C00A74121 /* ConstraintMakerExtendable.swift */,
				E300A23121B23B0C00A74121 /* ConstraintPriority.swift */,
				E300A23221B23B0C00A74121 /* ConstraintInsetTarget.swift */,
				E300A23321B23B0C00A74121 /* SnapKit.h */,
				E300A23421B23B0C00A74121 /* ConstraintConfig.swift */,
				E300A23521B23B0C00A74121 /* UILayoutSupport+Extensions.swift */,
				E300A23621B23B0C00A74121 /* ConstraintView.swift */,
				E300A23721B23B0C00A74121 /* ConstraintLayoutGuide.swift */,
				E300A23821B23B0C00A74121 /* ConstraintLayoutSupport.swift */,
				E300A23921B23B0C00A74121 /* Typealiases.swift */,
				E300A23A21B23B0C00A74121 /* ConstraintConstantTarget.swift */,
				E300A23B21B23B0C00A74121 /* ConstraintOffsetTarget.swift */,
				E300A23C21B23B0C00A74121 /* ConstraintMakerEditable.swift */,
				E300A23D21B23B0C00A74121 /* ConstraintMaker.swift */,
				E300A23E21B23B0C00A74121 /* ConstraintRelation.swift */,
				E300A23F21B23B0C00A74121 /* ConstraintLayoutGuideDSL.swift */,
				E300A24021B23B0C00A74121 /* ConstraintView+Extensions.swift */,
				E300A24121B23B0C00A74121 /* ConstraintItem.swift */,
				E300A24221B23B0C00A74121 /* Constraint.swift */,
				E300A24321B23B0C00A74121 /* Debugging.swift */,
				E300A24421B23B0C00A74121 /* ConstraintRelatableTarget.swift */,
				E300A24621B23B0C00A74121 /* LayoutConstraint.swift */,
				E300A24721B23B0C00A74121 /* ConstraintLayoutGuide+Extensions.swift */,
				E300A24821B23B0C00A74121 /* ConstraintLayoutSupportDSL.swift */,
				E300A24921B23B0C00A74121 /* ConstraintMakerRelatable.swift */,
			);
			path = SnapKit;
			sourceTree = "<group>";
		};
		E300A26D21B23FBE00A74121 /* IQKeyboardManagerSwift */ = {
			isa = PBXGroup;
			children = (
				E300A26E21B23FBE00A74121 /* IQTextView */,
				E300A27021B23FBE00A74121 /* IQToolbar */,
				E300A27721B23FBE00A74121 /* Constants */,
				E300A27A21B23FBE00A74121 /* Resources */,
				E300A27C21B23FBE00A74121 /* IQKeyboardReturnKeyHandler.swift */,
				E300A27D21B23FBE00A74121 /* IQKeyboardManager.swift */,
				E300A27E21B23FBE00A74121 /* IQKeyboardManagerSwift.h */,
				E300A27F21B23FBE00A74121 /* Categories */,
			);
			path = IQKeyboardManagerSwift;
			sourceTree = "<group>";
		};
		E300A26E21B23FBE00A74121 /* IQTextView */ = {
			isa = PBXGroup;
			children = (
				E300A26F21B23FBE00A74121 /* IQTextView.swift */,
			);
			path = IQTextView;
			sourceTree = "<group>";
		};
		E300A27021B23FBE00A74121 /* IQToolbar */ = {
			isa = PBXGroup;
			children = (
				E300A27121B23FBE00A74121 /* IQPreviousNextView.swift */,
				E300A27221B23FBE00A74121 /* IQTitleBarButtonItem.swift */,
				E300A27321B23FBE00A74121 /* IQBarButtonItem.swift */,
				E300A27421B23FBE00A74121 /* IQToolbar.swift */,
				E300A27521B23FBE00A74121 /* IQUIView+IQKeyboardToolbar.swift */,
				E300A27621B23FBE00A74121 /* IQInvocation.swift */,
			);
			path = IQToolbar;
			sourceTree = "<group>";
		};
		E300A27721B23FBE00A74121 /* Constants */ = {
			isa = PBXGroup;
			children = (
				E300A27821B23FBE00A74121 /* IQKeyboardManagerConstantsInternal.swift */,
				E300A27921B23FBE00A74121 /* IQKeyboardManagerConstants.swift */,
			);
			path = Constants;
			sourceTree = "<group>";
		};
		E300A27A21B23FBE00A74121 /* Resources */ = {
			isa = PBXGroup;
			children = (
				E300A27B21B23FBE00A74121 /* IQKeyboardManager.bundle */,
			);
			path = Resources;
			sourceTree = "<group>";
		};
		E300A27F21B23FBE00A74121 /* Categories */ = {
			isa = PBXGroup;
			children = (
				E300A28021B23FBE00A74121 /* IQUIScrollView+Additions.swift */,
				E300A28121B23FBE00A74121 /* IQUIViewController+Additions.swift */,
				E300A28221B23FBE00A74121 /* IQUITextFieldView+Additions.swift */,
				E300A28321B23FBE00A74121 /* IQUIView+Hierarchy.swift */,
				E300A28421B23FBE00A74121 /* IQNSArray+Sort.swift */,
			);
			path = Categories;
			sourceTree = "<group>";
		};
		E3C3441821AFAE2E000FC71C = {
			isa = PBXGroup;
			children = (
				E3C3442321AFAE2E000FC71C /* SearchDemo */,
				E3C3443821AFAE30000FC71C /* SearchDemoTests */,
				E3C3442221AFAE2E000FC71C /* Products */,
				C1B556A44DE6207955BB8B35 /* Frameworks */,
				C9CE570A84831BE51F8AA6EC /* Pods */,
			);
			sourceTree = "<group>";
		};
		E3C3442221AFAE2E000FC71C /* Products */ = {
			isa = PBXGroup;
			children = (
				E3C3442121AFAE2E000FC71C /* SearchDemo.app */,
				E3C3443521AFAE30000FC71C /* SearchDemoTests.xctest */,
			);
			name = Products;
			sourceTree = "<group>";
		};
		E3C3442321AFAE2E000FC71C /* SearchDemo */ = {
			isa = PBXGroup;
			children = (
				E300A22421B23AFA00A74121 /* Utility */,
				E3D0937421B11BC40007D7FA /* View */,
				E3C3449621AFBD0A000FC71C /* NetworkModel */,
				E3C3444421AFAE3E000FC71C /* Manager */,
				E3C3442421AFAE2E000FC71C /* AppDelegate.swift */,
				E3C3442621AFAE2E000FC71C /* ViewController.swift */,
				E3C3442821AFAE2E000FC71C /* Main.storyboard */,
				E3C3442B21AFAE30000FC71C /* Assets.xcassets */,
				E3C3442D21AFAE30000FC71C /* LaunchScreen.storyboard */,
				E3C3443021AFAE30000FC71C /* Info.plist */,
			);
			path = SearchDemo;
			sourceTree = "<group>";
		};
		E3C3443821AFAE30000FC71C /* SearchDemoTests */ = {
			isa = PBXGroup;
			children = (
				E3C3443921AFAE30000FC71C /* SearchDemoTests.swift */,
				E3C3443B21AFAE30000FC71C /* Info.plist */,
			);
			path = SearchDemoTests;
			sourceTree = "<group>";
		};
		E3C3444421AFAE3E000FC71C /* Manager */ = {
			isa = PBXGroup;
			children = (
				E3C3444521AFAE56000FC71C /* NetworkManager.swift */,
			);
			path = Manager;
			sourceTree = "<group>";
		};
		E3C3449621AFBD0A000FC71C /* NetworkModel */ = {
			isa = PBXGroup;
			children = (
				E3C3449721AFBD19000FC71C /* MotherResult.swift */,
				E3C3449921AFBE71000FC71C /* SearchPhotoResult.swift */,
			);
			path = NetworkModel;
			sourceTree = "<group>";
		};
		E3D0937421B11BC40007D7FA /* View */ = {
			isa = PBXGroup;
			children = (
				E3D0937521B11BD20007D7FA /* SDGradientView.swift */,
				E300A22221B173D500A74121 /* SDSearchButtonView.swift */,
				E300A29821B2541700A74121 /* HistoryNodeItem.swift */,
			);
			path = View;
			sourceTree = "<group>";
		};
/* End PBXGroup section */

/* Begin PBXNativeTarget section */
		E3C3442021AFAE2E000FC71C /* SearchDemo */ = {
			isa = PBXNativeTarget;
			buildConfigurationList = E3C3443E21AFAE30000FC71C /* Build configuration list for PBXNativeTarget "SearchDemo" */;
			buildPhases = (
				C49C21861E6DCFFF8F5492AB /* [CP] Check Pods Manifest.lock */,
				E3C3441D21AFAE2E000FC71C /* Sources */,
				E3C3441E21AFAE2E000FC71C /* Frameworks */,
				E3C3441F21AFAE2E000FC71C /* Resources */,
				E3D0936D21AFCA8B0007D7FA /* Embed Frameworks */,
			);
			buildRules = (
			);
			dependencies = (
			);
			name = SearchDemo;
			productName = SearchDemo;
			productReference = E3C3442121AFAE2E000FC71C /* SearchDemo.app */;
			productType = "com.apple.product-type.application";
		};
		E3C3443421AFAE30000FC71C /* SearchDemoTests */ = {
			isa = PBXNativeTarget;
			buildConfigurationList = E3C3444121AFAE30000FC71C /* Build configuration list for PBXNativeTarget "SearchDemoTests" */;
			buildPhases = (
				E3C3443121AFAE30000FC71C /* Sources */,
				E3C3443221AFAE30000FC71C /* Frameworks */,
				E3C3443321AFAE30000FC71C /* Resources */,
			);
			buildRules = (
			);
			dependencies = (
				E3C3443721AFAE30000FC71C /* PBXTargetDependency */,
			);
			name = SearchDemoTests;
			productName = SearchDemoTests;
			productReference = E3C3443521AFAE30000FC71C /* SearchDemoTests.xctest */;
			productType = "com.apple.product-type.bundle.unit-test";
		};
/* End PBXNativeTarget section */

/* Begin PBXProject section */
		E3C3441921AFAE2E000FC71C /* Project object */ = {
			isa = PBXProject;
			attributes = {
				LastSwiftUpdateCheck = 1010;
				LastUpgradeCheck = 1010;
				ORGANIZATIONNAME = Peigen.Liu;
				TargetAttributes = {
					E3C3442021AFAE2E000FC71C = {
						CreatedOnToolsVersion = 10.1;
					};
					E3C3443421AFAE30000FC71C = {
						CreatedOnToolsVersion = 10.1;
						TestTargetID = E3C3442021AFAE2E000FC71C;
					};
				};
			};
			buildConfigurationList = E3C3441C21AFAE2E000FC71C /* Build configuration list for PBXProject "SearchDemo" */;
			compatibilityVersion = "Xcode 9.3";
			developmentRegion = en;
			hasScannedForEncodings = 0;
			knownRegions = (
				en,
				Base,
			);
			mainGroup = E3C3441821AFAE2E000FC71C;
			productRefGroup = E3C3442221AFAE2E000FC71C /* Products */;
			projectDirPath = "";
			projectRoot = "";
			targets = (
				E3C3442021AFAE2E000FC71C /* SearchDemo */,
				E3C3443421AFAE30000FC71C /* SearchDemoTests */,
			);
		};
/* End PBXProject section */

/* Begin PBXResourcesBuildPhase section */
		E3C3441F21AFAE2E000FC71C /* Resources */ = {
			isa = PBXResourcesBuildPhase;
			buildActionMask = 2147483647;
			files = (
				E3C3442F21AFAE30000FC71C /* LaunchScreen.storyboard in Resources */,
				E3C3442C21AFAE30000FC71C /* Assets.xcassets in Resources */,
				E300A28E21B23FBF00A74121 /* IQKeyboardManager.bundle in Resources */,
				E3C3442A21AFAE2E000FC71C /* Main.storyboard in Resources */,
			);
			runOnlyForDeploymentPostprocessing = 0;
		};
		E3C3443321AFAE30000FC71C /* Resources */ = {
			isa = PBXResourcesBuildPhase;
			buildActionMask = 2147483647;
			files = (
			);
			runOnlyForDeploymentPostprocessing = 0;
		};
/* End PBXResourcesBuildPhase section */

/* Begin PBXShellScriptBuildPhase section */
		C49C21861E6DCFFF8F5492AB /* [CP] Check Pods Manifest.lock */ = {
			isa = PBXShellScriptBuildPhase;
			buildActionMask = 2147483647;
			files = (
			);
			inputFileListPaths = (
			);
			inputPaths = (
				"${PODS_PODFILE_DIR_PATH}/Podfile.lock",
				"${PODS_ROOT}/Manifest.lock",
			);
			name = "[CP] Check Pods Manifest.lock";
			outputFileListPaths = (
			);
			outputPaths = (
				"$(DERIVED_FILE_DIR)/Pods-SearchDemo-checkManifestLockResult.txt",
			);
			runOnlyForDeploymentPostprocessing = 0;
			shellPath = /bin/sh;
			shellScript = "diff \"${PODS_PODFILE_DIR_PATH}/Podfile.lock\" \"${PODS_ROOT}/Manifest.lock\" > /dev/null\nif [ $? != 0 ] ; then\n    # print error to STDERR\n    echo \"error: The sandbox is not in sync with the Podfile.lock. Run 'pod install' or update your CocoaPods installation.\" >&2\n    exit 1\nfi\n# This output is used by Xcode 'outputs' to avoid re-running this script phase.\necho \"SUCCESS\" > \"${SCRIPT_OUTPUT_FILE_0}\"\n";
			showEnvVarsInLog = 0;
		};
/* End PBXShellScriptBuildPhase section */

/* Begin PBXSourcesBuildPhase section */
		E3C3441D21AFAE2E000FC71C /* Sources */ = {
			isa = PBXSourcesBuildPhase;
			buildActionMask = 2147483647;
			files = (
				E300A25D21B23B0C00A74121 /* ConstraintConstantTarget.swift in Sources */,
				E300A26C21B23B0C00A74121 /* ConstraintMakerRelatable.swift in Sources */,
				E3C3449821AFBD19000FC71C /* MotherResult.swift in Sources */,
				E3D0937621B11BD20007D7FA /* SDGradientView.swift in Sources */,
				E300A29021B23FBF00A74121 /* IQKeyboardManager.swift in Sources */,
				E300A29321B23FBF00A74121 /* IQUITextFieldView+Additions.swift in Sources */,
				E300A26421B23B0C00A74121 /* ConstraintItem.swift in Sources */,
				E300A28621B23FBE00A74121 /* IQPreviousNextView.swift in Sources */,
				E300A26B21B23B0C00A74121 /* ConstraintLayoutSupportDSL.swift in Sources */,
				E300A25221B23B0C00A74121 /* ConstraintMakerFinalizable.swift in Sources */,
				E300A25B21B23B0C00A74121 /* ConstraintLayoutSupport.swift in Sources */,
				E300A24B21B23B0C00A74121 /* LayoutConstraintItem.swift in Sources */,
				E300A25721B23B0C00A74121 /* ConstraintConfig.swift in Sources */,
				E300A29221B23FBF00A74121 /* IQUIViewController+Additions.swift in Sources */,
				E300A29121B23FBF00A74121 /* IQUIScrollView+Additions.swift in Sources */,
				E300A25121B23B0C00A74121 /* ConstraintInsets.swift in Sources */,
				E300A25821B23B0C00A74121 /* UILayoutSupport+Extensions.swift in Sources */,
				E300A26621B23B0C00A74121 /* Debugging.swift in Sources */,
				E300A25C21B23B0C00A74121 /* Typealiases.swift in Sources */,
				E300A28C21B23FBF00A74121 /* IQKeyboardManagerConstantsInternal.swift in Sources */,
				E300A25021B23B0C00A74121 /* ConstraintPriorityTarget.swift in Sources */,
				E300A26021B23B0C00A74121 /* ConstraintMaker.swift in Sources */,
				E300A24F21B23B0C00A74121 /* ConstraintViewDSL.swift in Sources */,
				E300A26221B23B0C00A74121 /* ConstraintLayoutGuideDSL.swift in Sources */,
				E3C3444621AFAE56000FC71C /* NetworkManager.swift in Sources */,
				E300A24D21B23B0C00A74121 /* ConstraintMakerPriortizable.swift in Sources */,
				E300A25621B23B0C00A74121 /* ConstraintInsetTarget.swift in Sources */,
				E300A28F21B23FBF00A74121 /* IQKeyboardReturnKeyHandler.swift in Sources */,
				E3C3442721AFAE2E000FC71C /* ViewController.swift in Sources */,
				E300A24A21B23B0C00A74121 /* ConstraintMultiplierTarget.swift in Sources */,
				E300A22321B173D500A74121 /* SDSearchButtonView.swift in Sources */,
				E300A28721B23FBE00A74121 /* IQTitleBarButtonItem.swift in Sources */,
				E300A29421B23FBF00A74121 /* IQUIView+Hierarchy.swift in Sources */,
				E300A25A21B23B0C00A74121 /* ConstraintLayoutGuide.swift in Sources */,
				E300A28D21B23FBF00A74121 /* IQKeyboardManagerConstants.swift in Sources */,
				E3C3442521AFAE2E000FC71C /* AppDelegate.swift in Sources */,
				E300A26921B23B0C00A74121 /* LayoutConstraint.swift in Sources */,
				E300A26521B23B0C00A74121 /* Constraint.swift in Sources */,
				E300A29521B23FBF00A74121 /* IQNSArray+Sort.swift in Sources */,
				E300A26121B23B0C00A74121 /* ConstraintRelation.swift in Sources */,
				E300A28921B23FBF00A74121 /* IQToolbar.swift in Sources */,
				E300A26321B23B0C00A74121 /* ConstraintView+Extensions.swift in Sources */,
				E300A28B21B23FBF00A74121 /* IQInvocation.swift in Sources */,
				E300A26A21B23B0C00A74121 /* ConstraintLayoutGuide+Extensions.swift in Sources */,
				E300A28A21B23FBF00A74121 /* IQUIView+IQKeyboardToolbar.swift in Sources */,
				E300A25521B23B0C00A74121 /* ConstraintPriority.swift in Sources */,
				E300A25921B23B0C00A74121 /* ConstraintView.swift in Sources */,
				E300A26721B23B0C00A74121 /* ConstraintRelatableTarget.swift in Sources */,
				E300A25E21B23B0C00A74121 /* ConstraintOffsetTarget.swift in Sources */,
				E300A24E21B23B0C00A74121 /* ConstraintAttributes.swift in Sources */,
				E3C3449A21AFBE71000FC71C /* SearchPhotoResult.swift in Sources */,
				E300A29921B2541700A74121 /* HistoryNodeItem.swift in Sources */,
				E300A28821B23FBF00A74121 /* IQBarButtonItem.swift in Sources */,
				E300A24C21B23B0C00A74121 /* ConstraintDescription.swift in Sources */,
				E300A25321B23B0C00A74121 /* ConstraintDSL.swift in Sources */,
				E300A25F21B23B0C00A74121 /* ConstraintMakerEditable.swift in Sources */,
				E300A25421B23B0C00A74121 /* ConstraintMakerExtendable.swift in Sources */,
				E300A28521B23FBE00A74121 /* IQTextView.swift in Sources */,
			);
			runOnlyForDeploymentPostprocessing = 0;
		};
		E3C3443121AFAE30000FC71C /* Sources */ = {
			isa = PBXSourcesBuildPhase;
			buildActionMask = 2147483647;
			files = (
				E3C3443A21AFAE30000FC71C /* SearchDemoTests.swift in Sources */,
			);
			runOnlyForDeploymentPostprocessing = 0;
		};
/* End PBXSourcesBuildPhase section */

/* Begin PBXTargetDependency section */
		E3C3443721AFAE30000FC71C /* PBXTargetDependency */ = {
			isa = PBXTargetDependency;
			target = E3C3442021AFAE2E000FC71C /* SearchDemo */;
			targetProxy = E3C3443621AFAE30000FC71C /* PBXContainerItemProxy */;
		};
/* End PBXTargetDependency section */

/* Begin PBXVariantGroup section */
		E3C3442821AFAE2E000FC71C /* Main.storyboard */ = {
			isa = PBXVariantGroup;
			children = (
				E3C3442921AFAE2E000FC71C /* Base */,
			);
			name = Main.storyboard;
			sourceTree = "<group>";
		};
		E3C3442D21AFAE30000FC71C /* LaunchScreen.storyboard */ = {
			isa = PBXVariantGroup;
			children = (
				E3C3442E21AFAE30000FC71C /* Base */,
			);
			name = LaunchScreen.storyboard;
			sourceTree = "<group>";
		};
/* End PBXVariantGroup section */

/* Begin XCBuildConfiguration section */
		E3C3443C21AFAE30000FC71C /* Debug */ = {
			isa = XCBuildConfiguration;
			buildSettings = {
				ALWAYS_SEARCH_USER_PATHS = NO;
				CLANG_ANALYZER_NONNULL = YES;
				CLANG_ANALYZER_NUMBER_OBJECT_CONVERSION = YES_AGGRESSIVE;
				CLANG_CXX_LANGUAGE_STANDARD = "gnu++14";
				CLANG_CXX_LIBRARY = "libc++";
				CLANG_ENABLE_MODULES = YES;
				CLANG_ENABLE_OBJC_ARC = YES;
				CLANG_ENABLE_OBJC_WEAK = YES;
				CLANG_WARN_BLOCK_CAPTURE_AUTORELEASING = YES;
				CLANG_WARN_BOOL_CONVERSION = YES;
				CLANG_WARN_COMMA = YES;
				CLANG_WARN_CONSTANT_CONVERSION = YES;
				CLANG_WARN_DEPRECATED_OBJC_IMPLEMENTATIONS = YES;
				CLANG_WARN_DIRECT_OBJC_ISA_USAGE = YES_ERROR;
				CLANG_WARN_DOCUMENTATION_COMMENTS = YES;
				CLANG_WARN_EMPTY_BODY = YES;
				CLANG_WARN_ENUM_CONVERSION = YES;
				CLANG_WARN_INFINITE_RECURSION = YES;
				CLANG_WARN_INT_CONVERSION = YES;
				CLANG_WARN_NON_LITERAL_NULL_CONVERSION = YES;
				CLANG_WARN_OBJC_IMPLICIT_RETAIN_SELF = YES;
				CLANG_WARN_OBJC_LITERAL_CONVERSION = YES;
				CLANG_WARN_OBJC_ROOT_CLASS = YES_ERROR;
				CLANG_WARN_RANGE_LOOP_ANALYSIS = YES;
				CLANG_WARN_STRICT_PROTOTYPES = YES;
				CLANG_WARN_SUSPICIOUS_MOVE = YES;
				CLANG_WARN_UNGUARDED_AVAILABILITY = YES_AGGRESSIVE;
				CLANG_WARN_UNREACHABLE_CODE = YES;
				CLANG_WARN__DUPLICATE_METHOD_MATCH = YES;
				CODE_SIGN_IDENTITY = "iPhone Developer";
				COPY_PHASE_STRIP = NO;
				DEBUG_INFORMATION_FORMAT = dwarf;
				ENABLE_STRICT_OBJC_MSGSEND = YES;
				ENABLE_TESTABILITY = YES;
				GCC_C_LANGUAGE_STANDARD = gnu11;
				GCC_DYNAMIC_NO_PIC = NO;
				GCC_NO_COMMON_BLOCKS = YES;
				GCC_OPTIMIZATION_LEVEL = 0;
				GCC_PREPROCESSOR_DEFINITIONS = (
					"DEBUG=1",
					"$(inherited)",
				);
				GCC_WARN_64_TO_32_BIT_CONVERSION = YES;
				GCC_WARN_ABOUT_RETURN_TYPE = YES_ERROR;
				GCC_WARN_UNDECLARED_SELECTOR = YES;
				GCC_WARN_UNINITIALIZED_AUTOS = YES_AGGRESSIVE;
				GCC_WARN_UNUSED_FUNCTION = YES;
				GCC_WARN_UNUSED_VARIABLE = YES;
				IPHONEOS_DEPLOYMENT_TARGET = 12.1;
				MTL_ENABLE_DEBUG_INFO = INCLUDE_SOURCE;
				MTL_FAST_MATH = YES;
				ONLY_ACTIVE_ARCH = YES;
				SDKROOT = iphoneos;
				SWIFT_ACTIVE_COMPILATION_CONDITIONS = DEBUG;
				SWIFT_OPTIMIZATION_LEVEL = "-Onone";
			};
			name = Debug;
		};
		E3C3443D21AFAE30000FC71C /* Release */ = {
			isa = XCBuildConfiguration;
			buildSettings = {
				ALWAYS_SEARCH_USER_PATHS = NO;
				CLANG_ANALYZER_NONNULL = YES;
				CLANG_ANALYZER_NUMBER_OBJECT_CONVERSION = YES_AGGRESSIVE;
				CLANG_CXX_LANGUAGE_STANDARD = "gnu++14";
				CLANG_CXX_LIBRARY = "libc++";
				CLANG_ENABLE_MODULES = YES;
				CLANG_ENABLE_OBJC_ARC = YES;
				CLANG_ENABLE_OBJC_WEAK = YES;
				CLANG_WARN_BLOCK_CAPTURE_AUTORELEASING = YES;
				CLANG_WARN_BOOL_CONVERSION = YES;
				CLANG_WARN_COMMA = YES;
				CLANG_WARN_CONSTANT_CONVERSION = YES;
				CLANG_WARN_DEPRECATED_OBJC_IMPLEMENTATIONS = YES;
				CLANG_WARN_DIRECT_OBJC_ISA_USAGE = YES_ERROR;
				CLANG_WARN_DOCUMENTATION_COMMENTS = YES;
				CLANG_WARN_EMPTY_BODY = YES;
				CLANG_WARN_ENUM_CONVERSION = YES;
				CLANG_WARN_INFINITE_RECURSION = YES;
				CLANG_WARN_INT_CONVERSION = YES;
				CLANG_WARN_NON_LITERAL_NULL_CONVERSION = YES;
				CLANG_WARN_OBJC_IMPLICIT_RETAIN_SELF = YES;
				CLANG_WARN_OBJC_LITERAL_CONVERSION = YES;
				CLANG_WARN_OBJC_ROOT_CLASS = YES_ERROR;
				CLANG_WARN_RANGE_LOOP_ANALYSIS = YES;
				CLANG_WARN_STRICT_PROTOTYPES = YES;
				CLANG_WARN_SUSPICIOUS_MOVE = YES;
				CLANG_WARN_UNGUARDED_AVAILABILITY = YES_AGGRESSIVE;
				CLANG_WARN_UNREACHABLE_CODE = YES;
				CLANG_WARN__DUPLICATE_METHOD_MATCH = YES;
				CODE_SIGN_IDENTITY = "iPhone Developer";
				COPY_PHASE_STRIP = NO;
				DEBUG_INFORMATION_FORMAT = "dwarf-with-dsym";
				ENABLE_NS_ASSERTIONS = NO;
				ENABLE_STRICT_OBJC_MSGSEND = YES;
				GCC_C_LANGUAGE_STANDARD = gnu11;
				GCC_NO_COMMON_BLOCKS = YES;
				GCC_WARN_64_TO_32_BIT_CONVERSION = YES;
				GCC_WARN_ABOUT_RETURN_TYPE = YES_ERROR;
				GCC_WARN_UNDECLARED_SELECTOR = YES;
				GCC_WARN_UNINITIALIZED_AUTOS = YES_AGGRESSIVE;
				GCC_WARN_UNUSED_FUNCTION = YES;
				GCC_WARN_UNUSED_VARIABLE = YES;
				IPHONEOS_DEPLOYMENT_TARGET = 12.1;
				MTL_ENABLE_DEBUG_INFO = NO;
				MTL_FAST_MATH = YES;
				SDKROOT = iphoneos;
				SWIFT_COMPILATION_MODE = wholemodule;
				SWIFT_OPTIMIZATION_LEVEL = "-O";
				VALIDATE_PRODUCT = YES;
			};
			name = Release;
		};
		E3C3443F21AFAE30000FC71C /* Debug */ = {
			isa = XCBuildConfiguration;
			baseConfigurationReference = 7F4738B8C88AA8F867E78CEB /* Pods-SearchDemo.debug.xcconfig */;
			buildSettings = {
				ALWAYS_EMBED_SWIFT_STANDARD_LIBRARIES = YES;
				ASSETCATALOG_COMPILER_APPICON_NAME = AppIcon;
				CODE_SIGN_STYLE = Automatic;
				DEVELOPMENT_TEAM = 7X277FCB8S;
				INFOPLIST_FILE = SearchDemo/Info.plist;
				LD_RUNPATH_SEARCH_PATHS = (
					"$(inherited)",
					"@executable_path/Frameworks",
				);
				PRODUCT_BUNDLE_IDENTIFIER = com.IOFutureTech.SearchDemo;
				PRODUCT_NAME = "$(TARGET_NAME)";
				SWIFT_VERSION = 4.2;
				TARGETED_DEVICE_FAMILY = 1;
			};
			name = Debug;
		};
		E3C3444021AFAE30000FC71C /* Release */ = {
			isa = XCBuildConfiguration;
			baseConfigurationReference = 78343412C11F207F475D87EC /* Pods-SearchDemo.release.xcconfig */;
			buildSettings = {
				ALWAYS_EMBED_SWIFT_STANDARD_LIBRARIES = YES;
				ASSETCATALOG_COMPILER_APPICON_NAME = AppIcon;
				CODE_SIGN_STYLE = Automatic;
				DEVELOPMENT_TEAM = 7X277FCB8S;
				INFOPLIST_FILE = SearchDemo/Info.plist;
				LD_RUNPATH_SEARCH_PATHS = (
					"$(inherited)",
					"@executable_path/Frameworks",
				);
				PRODUCT_BUNDLE_IDENTIFIER = com.IOFutureTech.SearchDemo;
				PRODUCT_NAME = "$(TARGET_NAME)";
				SWIFT_VERSION = 4.2;
				TARGETED_DEVICE_FAMILY = 1;
			};
			name = Release;
		};
		E3C3444221AFAE30000FC71C /* Debug */ = {
			isa = XCBuildConfiguration;
			buildSettings = {
				ALWAYS_EMBED_SWIFT_STANDARD_LIBRARIES = YES;
				BUNDLE_LOADER = "$(TEST_HOST)";
				CODE_SIGN_STYLE = Automatic;
				INFOPLIST_FILE = SearchDemoTests/Info.plist;
				LD_RUNPATH_SEARCH_PATHS = (
					"$(inherited)",
					"@executable_path/Frameworks",
					"@loader_path/Frameworks",
				);
				PRODUCT_BUNDLE_IDENTIFIER = com.IOFutureTech.SearchDemoTests;
				PRODUCT_NAME = "$(TARGET_NAME)";
				SWIFT_VERSION = 4.2;
				TARGETED_DEVICE_FAMILY = "1,2";
				TEST_HOST = "$(BUILT_PRODUCTS_DIR)/SearchDemo.app/SearchDemo";
			};
			name = Debug;
		};
		E3C3444321AFAE30000FC71C /* Release */ = {
			isa = XCBuildConfiguration;
			buildSettings = {
				ALWAYS_EMBED_SWIFT_STANDARD_LIBRARIES = YES;
				BUNDLE_LOADER = "$(TEST_HOST)";
				CODE_SIGN_STYLE = Automatic;
				INFOPLIST_FILE = SearchDemoTests/Info.plist;
				LD_RUNPATH_SEARCH_PATHS = (
					"$(inherited)",
					"@executable_path/Frameworks",
					"@loader_path/Frameworks",
				);
				PRODUCT_BUNDLE_IDENTIFIER = com.IOFutureTech.SearchDemoTests;
				PRODUCT_NAME = "$(TARGET_NAME)";
				SWIFT_VERSION = 4.2;
				TARGETED_DEVICE_FAMILY = "1,2";
				TEST_HOST = "$(BUILT_PRODUCTS_DIR)/SearchDemo.app/SearchDemo";
			};
			name = Release;
		};
/* End XCBuildConfiguration section */

/* Begin XCConfigurationList section */
		E3C3441C21AFAE2E000FC71C /* Build configuration list for PBXProject "SearchDemo" */ = {
			isa = XCConfigurationList;
			buildConfigurations = (
				E3C3443C21AFAE30000FC71C /* Debug */,
				E3C3443D21AFAE30000FC71C /* Release */,
			);
			defaultConfigurationIsVisible = 0;
			defaultConfigurationName = Release;
		};
		E3C3443E21AFAE30000FC71C /* Build configuration list for PBXNativeTarget "SearchDemo" */ = {
			isa = XCConfigurationList;
			buildConfigurations = (
				E3C3443F21AFAE30000FC71C /* Debug */,
				E3C3444021AFAE30000FC71C /* Release */,
			);
			defaultConfigurationIsVisible = 0;
			defaultConfigurationName = Release;
		};
		E3C3444121AFAE30000FC71C /* Build configuration list for PBXNativeTarget "SearchDemoTests" */ = {
			isa = XCConfigurationList;
			buildConfigurations = (
				E3C3444221AFAE30000FC71C /* Debug */,
				E3C3444321AFAE30000FC71C /* Release */,
			);
			defaultConfigurationIsVisible = 0;
			defaultConfigurationName = Release;
		};
/* End XCConfigurationList section */
	};
	rootObject = E3C3441921AFAE2E000FC71C /* Project object */;
}
